
Microsoft Visual Studio Solution File, Format Version 12.00
# Visual Studio Version 16
VisualStudioVersion = 16.0.29509.3
MinimumVisualStudioVersion = 10.0.40219.1
Project("{9A19103F-16F7-4668-BE54-9A1E7A4F7556}") = "ecommerce.Auth", "ecommerce.Auth\ecommerce.Auth.csproj", "{2BF2C14B-2F54-42AE-93A7-B17149073806}"
EndProject
Global
	GlobalSection(SolutionConfigurationPlatforms) = preSolution
		Debug|Any CPU = Debug|Any CPU
		Release|Any CPU = Release|Any CPU
	EndGlobalSection
	GlobalSection(ProjectConfigurationPlatforms) = postSolution
		{2BF2C14B-2F54-42AE-93A7-B17149073806}.Debug|Any CPU.ActiveCfg = Debug|Any CPU
		{2BF2C14B-2F54-42AE-93A7-B17149073806}.Debug|Any CPU.Build.0 = Debug|Any CPU
		{2BF2C14B-2F54-42AE-93A7-B17149073806}.Release|Any CPU.ActiveCfg = Release|Any CPU
		{2BF2C14B-2F54-42AE-93A7-B17149073806}.Release|Any CPU.Build.0 = Release|Any CPU
	EndGlobalSection
	GlobalSection(SolutionProperties) = preSolution
		HideSolutionNode = FALSE
	EndGlobalSection
	GlobalSection(ExtensibilityGlobals) = postSolution
		SolutionGuid = {E95B265D-94B1-4A40-A254-32CEF024CF19}
	EndGlobalSection
EndGlobal
