
Microsoft Visual Studio Solution File, Format Version 12.00
# Visual Studio Version 16
VisualStudioVersion = 16.0.29326.143
MinimumVisualStudioVersion = 10.0.40219.1
Project("{9A19103F-16F7-4668-BE54-9A1E7A4F7556}") = "ecommerce.Data", "ecommerce.Data\ecommerce.Data.csproj", "{B03F67AA-9C1D-4099-94A3-3A03ADB5002F}"
EndProject
Project("{9A19103F-16F7-4668-BE54-9A1E7A4F7556}") = "ecommerce.Services", "ecommerce.Services\ecommerce.Services.csproj", "{8D72CB09-C459-4F53-A1BD-8DD19A022E67}"
EndProject
Project("{9A19103F-16F7-4668-BE54-9A1E7A4F7556}") = "ecommerce.Repositories", "ecommerce.Repositories\ecommerce.Repositories.csproj", "{2E48CF09-B40F-4A44-90B4-AB6507B7FDCC}"
EndProject
Project("{9A19103F-16F7-4668-BE54-9A1E7A4F7556}") = "ecommerce.DataAccess", "ecommerce.DataAccess\ecommerce.DataAccess.csproj", "{B6607131-B7CE-4478-AF9A-6F69A9AD1BEF}"
EndProject
Project("{9A19103F-16F7-4668-BE54-9A1E7A4F7556}") = "ecommerce.API", "ecommerce.API\ecommerce.API.csproj", "{222EBF2D-7A0C-4734-81FD-CE68E9CC1CDA}"
EndProject
Project("{9A19103F-16F7-4668-BE54-9A1E7A4F7556}") = "Libraries.ecommerce.Services", "Libraries.ecommerce.Services\Libraries.ecommerce.Services.csproj", "{15DD9980-C2EB-4258-B45E-36FCE9660B4B}"
EndProject
Project("{9A19103F-16F7-4668-BE54-9A1E7A4F7556}") = "Libraries.ecommerce.RazorHtmlEmails", "Libraries.ecommerce.RazorHtmlEmails\Libraries.ecommerce.RazorHtmlEmails.csproj", "{265AC8B9-A3B8-4EAD-8225-8FBB03815C17}"
EndProject
Project("{9A19103F-16F7-4668-BE54-9A1E7A4F7556}") = "Libraries.ecommerce.GoogleReCaptcha", "Libraries.ecommerce.GoogleReCaptcha\Libraries.ecommerce.GoogleReCaptcha.csproj", "{72640C60-D1D8-4352-A81A-0F083C64F0F5}"
EndProject
Global
	GlobalSection(SolutionConfigurationPlatforms) = preSolution
		Debug|Any CPU = Debug|Any CPU
		Release|Any CPU = Release|Any CPU
	EndGlobalSection
	GlobalSection(ProjectConfigurationPlatforms) = postSolution
		{B03F67AA-9C1D-4099-94A3-3A03ADB5002F}.Debug|Any CPU.ActiveCfg = Debug|Any CPU
		{B03F67AA-9C1D-4099-94A3-3A03ADB5002F}.Debug|Any CPU.Build.0 = Debug|Any CPU
		{B03F67AA-9C1D-4099-94A3-3A03ADB5002F}.Release|Any CPU.ActiveCfg = Release|Any CPU
		{B03F67AA-9C1D-4099-94A3-3A03ADB5002F}.Release|Any CPU.Build.0 = Release|Any CPU
		{8D72CB09-C459-4F53-A1BD-8DD19A022E67}.Debug|Any CPU.ActiveCfg = Debug|Any CPU
		{8D72CB09-C459-4F53-A1BD-8DD19A022E67}.Debug|Any CPU.Build.0 = Debug|Any CPU
		{8D72CB09-C459-4F53-A1BD-8DD19A022E67}.Release|Any CPU.ActiveCfg = Release|Any CPU
		{8D72CB09-C459-4F53-A1BD-8DD19A022E67}.Release|Any CPU.Build.0 = Release|Any CPU
		{2E48CF09-B40F-4A44-90B4-AB6507B7FDCC}.Debug|Any CPU.ActiveCfg = Debug|Any CPU
		{2E48CF09-B40F-4A44-90B4-AB6507B7FDCC}.Debug|Any CPU.Build.0 = Debug|Any CPU
		{2E48CF09-B40F-4A44-90B4-AB6507B7FDCC}.Release|Any CPU.ActiveCfg = Release|Any CPU
		{2E48CF09-B40F-4A44-90B4-AB6507B7FDCC}.Release|Any CPU.Build.0 = Release|Any CPU
		{B6607131-B7CE-4478-AF9A-6F69A9AD1BEF}.Debug|Any CPU.ActiveCfg = Debug|Any CPU
		{B6607131-B7CE-4478-AF9A-6F69A9AD1BEF}.Debug|Any CPU.Build.0 = Debug|Any CPU
		{B6607131-B7CE-4478-AF9A-6F69A9AD1BEF}.Release|Any CPU.ActiveCfg = Release|Any CPU
		{B6607131-B7CE-4478-AF9A-6F69A9AD1BEF}.Release|Any CPU.Build.0 = Release|Any CPU
		{222EBF2D-7A0C-4734-81FD-CE68E9CC1CDA}.Debug|Any CPU.ActiveCfg = Debug|Any CPU
		{222EBF2D-7A0C-4734-81FD-CE68E9CC1CDA}.Debug|Any CPU.Build.0 = Debug|Any CPU
		{222EBF2D-7A0C-4734-81FD-CE68E9CC1CDA}.Release|Any CPU.ActiveCfg = Release|Any CPU
		{222EBF2D-7A0C-4734-81FD-CE68E9CC1CDA}.Release|Any CPU.Build.0 = Release|Any CPU
		{15DD9980-C2EB-4258-B45E-36FCE9660B4B}.Debug|Any CPU.ActiveCfg = Debug|Any CPU
		{15DD9980-C2EB-4258-B45E-36FCE9660B4B}.Debug|Any CPU.Build.0 = Debug|Any CPU
		{15DD9980-C2EB-4258-B45E-36FCE9660B4B}.Release|Any CPU.ActiveCfg = Release|Any CPU
		{15DD9980-C2EB-4258-B45E-36FCE9660B4B}.Release|Any CPU.Build.0 = Release|Any CPU
		{265AC8B9-A3B8-4EAD-8225-8FBB03815C17}.Debug|Any CPU.ActiveCfg = Debug|Any CPU
		{265AC8B9-A3B8-4EAD-8225-8FBB03815C17}.Debug|Any CPU.Build.0 = Debug|Any CPU
		{265AC8B9-A3B8-4EAD-8225-8FBB03815C17}.Release|Any CPU.ActiveCfg = Release|Any CPU
		{265AC8B9-A3B8-4EAD-8225-8FBB03815C17}.Release|Any CPU.Build.0 = Release|Any CPU
		{72640C60-D1D8-4352-A81A-0F083C64F0F5}.Debug|Any CPU.ActiveCfg = Debug|Any CPU
		{72640C60-D1D8-4352-A81A-0F083C64F0F5}.Debug|Any CPU.Build.0 = Debug|Any CPU
		{72640C60-D1D8-4352-A81A-0F083C64F0F5}.Release|Any CPU.ActiveCfg = Release|Any CPU
		{72640C60-D1D8-4352-A81A-0F083C64F0F5}.Release|Any CPU.Build.0 = Release|Any CPU
	EndGlobalSection
	GlobalSection(SolutionProperties) = preSolution
		HideSolutionNode = FALSE
	EndGlobalSection
	GlobalSection(ExtensibilityGlobals) = postSolution
		SolutionGuid = {BC5E5B9B-09C1-4467-84D7-E6B65B585F89}
	EndGlobalSection
EndGlobal
